
Microsoft Visual Studio Solution File, Format Version 12.00
# Visual Studio Version 16
VisualStudioVersion = 16.0.30204.135
MinimumVisualStudioVersion = 10.0.40219.1
Project("{FAE04EC0-301F-11D3-BF4B-00C04F79EFBC}") = "FoodMeister", "FoodMeister.csproj", "{05340CC0-BF7A-4EA2-BFAE-F2E81281B860}"
EndProject
Project("{FAE04EC0-301F-11D3-BF4B-00C04F79EFBC}") = "FoodMeister.Core", "..\FoodMeister.Core\FoodMeister.Core.csproj", "{06118841-4E53-42B6-B619-5CF0545F41AA}"
EndProject
Project("{FAE04EC0-301F-11D3-BF4B-00C04F79EFBC}") = "FoodMeister.Data", "..\FoodMeister.Data\FoodMeister.Data.csproj", "{04637333-3599-49AD-AE57-D229AEDFAE87}"
EndProject
Global
	GlobalSection(SolutionConfigurationPlatforms) = preSolution
		Debug|Any CPU = Debug|Any CPU
		Release|Any CPU = Release|Any CPU
	EndGlobalSection
	GlobalSection(ProjectConfigurationPlatforms) = postSolution
		{05340CC0-BF7A-4EA2-BFAE-F2E81281B860}.Debug|Any CPU.ActiveCfg = Debug|Any CPU
		{05340CC0-BF7A-4EA2-BFAE-F2E81281B860}.Debug|Any CPU.Build.0 = Debug|Any CPU
		{05340CC0-BF7A-4EA2-BFAE-F2E81281B860}.Release|Any CPU.ActiveCfg = Release|Any CPU
		{05340CC0-BF7A-4EA2-BFAE-F2E81281B860}.Release|Any CPU.Build.0 = Release|Any CPU
		{06118841-4E53-42B6-B619-5CF0545F41AA}.Debug|Any CPU.ActiveCfg = Debug|Any CPU
		{06118841-4E53-42B6-B619-5CF0545F41AA}.Debug|Any CPU.Build.0 = Debug|Any CPU
		{06118841-4E53-42B6-B619-5CF0545F41AA}.Release|Any CPU.ActiveCfg = Release|Any CPU
		{06118841-4E53-42B6-B619-5CF0545F41AA}.Release|Any CPU.Build.0 = Release|Any CPU
		{04637333-3599-49AD-AE57-D229AEDFAE87}.Debug|Any CPU.ActiveCfg = Debug|Any CPU
		{04637333-3599-49AD-AE57-D229AEDFAE87}.Debug|Any CPU.Build.0 = Debug|Any CPU
		{04637333-3599-49AD-AE57-D229AEDFAE87}.Release|Any CPU.ActiveCfg = Release|Any CPU
		{04637333-3599-49AD-AE57-D229AEDFAE87}.Release|Any CPU.Build.0 = Release|Any CPU
	EndGlobalSection
	GlobalSection(SolutionProperties) = preSolution
		HideSolutionNode = FALSE
	EndGlobalSection
	GlobalSection(ExtensibilityGlobals) = postSolution
		SolutionGuid = {ED3D2065-775D-49E3-B171-45045A6C6514}
	EndGlobalSection
EndGlobal
